// !$*UTF8*$!
{
	archiveVersion = 1;
	classes = {
	};
	objectVersion = 50;
	objects = {

/* Begin PBXBuildFile section */
		DB0EBB1025CA7EB000FE062F /* AppDelegate.swift in Sources */ = {isa = PBXBuildFile; fileRef = DB0EBB0F25CA7EB000FE062F /* AppDelegate.swift */; };
		DB0EBB1225CA7EB000FE062F /* SceneDelegate.swift in Sources */ = {isa = PBXBuildFile; fileRef = DB0EBB1125CA7EB000FE062F /* SceneDelegate.swift */; };
		DB0EBB1425CA7EB000FE062F /* ViewController.swift in Sources */ = {isa = PBXBuildFile; fileRef = DB0EBB1325CA7EB000FE062F /* ViewController.swift */; };
		DB0EBB1725CA7EB000FE062F /* Main.storyboard in Resources */ = {isa = PBXBuildFile; fileRef = DB0EBB1525CA7EB000FE062F /* Main.storyboard */; };
		DB0EBB1925CA7EB300FE062F /* Assets.xcassets in Resources */ = {isa = PBXBuildFile; fileRef = DB0EBB1825CA7EB300FE062F /* Assets.xcassets */; };
		DB0EBB1C25CA7EB300FE062F /* LaunchScreen.storyboard in Resources */ = {isa = PBXBuildFile; fileRef = DB0EBB1A25CA7EB300FE062F /* LaunchScreen.storyboard */; };
		DB0EBB2625CA800100FE062F /* MainStruct.swift in Sources */ = {isa = PBXBuildFile; fileRef = DB0EBB2525CA800100FE062F /* MainStruct.swift */; };
/* End PBXBuildFile section */

/* Begin PBXFileReference section */
		DB0EBB0C25CA7EB000FE062F /* Pryaniki.app */ = {isa = PBXFileReference; explicitFileType = wrapper.application; includeInIndex = 0; path = Pryaniki.app; sourceTree = BUILT_PRODUCTS_DIR; };
		DB0EBB0F25CA7EB000FE062F /* AppDelegate.swift */ = {isa = PBXFileReference; lastKnownFileType = sourcecode.swift; path = AppDelegate.swift; sourceTree = "<group>"; };
		DB0EBB1125CA7EB000FE062F /* SceneDelegate.swift */ = {isa = PBXFileReference; lastKnownFileType = sourcecode.swift; path = SceneDelegate.swift; sourceTree = "<group>"; };
		DB0EBB1325CA7EB000FE062F /* ViewController.swift */ = {isa = PBXFileReference; lastKnownFileType = sourcecode.swift; path = ViewController.swift; sourceTree = "<group>"; };
		DB0EBB1625CA7EB000FE062F /* Base */ = {isa = PBXFileReference; lastKnownFileType = file.storyboard; name = Base; path = Base.lproj/Main.storyboard; sourceTree = "<group>"; };
		DB0EBB1825CA7EB300FE062F /* Assets.xcassets */ = {isa = PBXFileReference; lastKnownFileType = folder.assetcatalog; path = Assets.xcassets; sourceTree = "<group>"; };
		DB0EBB1B25CA7EB300FE062F /* Base */ = {isa = PBXFileReference; lastKnownFileType = file.storyboard; name = Base; path = Base.lproj/LaunchScreen.storyboard; sourceTree = "<group>"; };
		DB0EBB1D25CA7EB300FE062F /* Info.plist */ = {isa = PBXFileReference; lastKnownFileType = text.plist.xml; path = Info.plist; sourceTree = "<group>"; };
		DB0EBB2525CA800100FE062F /* MainStruct.swift */ = {isa = PBXFileReference; lastKnownFileType = sourcecode.swift; path = MainStruct.swift; sourceTree = "<group>"; };
/* End PBXFileReference section */

/* Begin PBXFrameworksBuildPhase section */
		DB0EBB0925CA7EB000FE062F /* Frameworks */ = {
			isa = PBXFrameworksBuildPhase;
			buildActionMask = 2147483647;
			files = (
			);
			runOnlyForDeploymentPostprocessing = 0;
		};
/* End PBXFrameworksBuildPhase section */

/* Begin PBXGroup section */
		DB0EBB0325CA7EB000FE062F = {
			isa = PBXGroup;
			children = (
				DB0EBB0E25CA7EB000FE062F /* Pryaniki */,
				DB0EBB0D25CA7EB000FE062F /* Products */,
			);
			sourceTree = "<group>";
		};
		DB0EBB0D25CA7EB000FE062F /* Products */ = {
			isa = PBXGroup;
			children = (
				DB0EBB0C25CA7EB000FE062F /* Pryaniki.app */,
			);
			name = Products;
			sourceTree = "<group>";
		};
		DB0EBB0E25CA7EB000FE062F /* Pryaniki */ = {
			isa = PBXGroup;
			children = (
				DB0EBB0F25CA7EB000FE062F /* AppDelegate.swift */,
				DB0EBB1125CA7EB000FE062F /* SceneDelegate.swift */,
				DB0EBB1325CA7EB000FE062F /* ViewController.swift */,
				DB0EBB2525CA800100FE062F /* MainStruct.swift */,
				DB0EBB1525CA7EB000FE062F /* Main.storyboard */,
				DB0EBB1825CA7EB300FE062F /* Assets.xcassets */,
				DB0EBB1A25CA7EB300FE062F /* LaunchScreen.storyboard */,
				DB0EBB1D25CA7EB300FE062F /* Info.plist */,
			);
			path = Pryaniki;
			sourceTree = "<group>";
		};
/* End PBXGroup section */

/* Begin PBXNativeTarget section */
		DB0EBB0B25CA7EB000FE062F /* Pryaniki */ = {
			isa = PBXNativeTarget;
			buildConfigurationList = DB0EBB2025CA7EB300FE062F /* Build configuration list for PBXNativeTarget "Pryaniki" */;
			buildPhases = (
				DB0EBB0825CA7EB000FE062F /* Sources */,
				DB0EBB0925CA7EB000FE062F /* Frameworks */,
				DB0EBB0A25CA7EB000FE062F /* Resources */,
			);
			buildRules = (
			);
			dependencies = (
			);
			name = Pryaniki;
			productName = Pryaniki;
			productReference = DB0EBB0C25CA7EB000FE062F /* Pryaniki.app */;
			productType = "com.apple.product-type.application";
		};
/* End PBXNativeTarget section */

/* Begin PBXProject section */
		DB0EBB0425CA7EB000FE062F /* Project object */ = {
			isa = PBXProject;
			attributes = {
				LastSwiftUpdateCheck = 1220;
				LastUpgradeCheck = 1220;
				TargetAttributes = {
					DB0EBB0B25CA7EB000FE062F = {
						CreatedOnToolsVersion = 12.2;
					};
				};
			};
			buildConfigurationList = DB0EBB0725CA7EB000FE062F /* Build configuration list for PBXProject "Pryaniki" */;
			compatibilityVersion = "Xcode 9.3";
			developmentRegion = en;
			hasScannedForEncodings = 0;
			knownRegions = (
				en,
				Base,
			);
			mainGroup = DB0EBB0325CA7EB000FE062F;
			productRefGroup = DB0EBB0D25CA7EB000FE062F /* Products */;
			projectDirPath = "";
			projectRoot = "";
			targets = (
				DB0EBB0B25CA7EB000FE062F /* Pryaniki */,
			);
		};
/* End PBXProject section */

/* Begin PBXResourcesBuildPhase section */
		DB0EBB0A25CA7EB000FE062F /* Resources */ = {
			isa = PBXResourcesBuildPhase;
			buildActionMask = 2147483647;
			files = (
				DB0EBB1C25CA7EB300FE062F /* LaunchScreen.storyboard in Resources */,
				DB0EBB1925CA7EB300FE062F /* Assets.xcassets in Resources */,
				DB0EBB1725CA7EB000FE062F /* Main.storyboard in Resources */,
			);
			runOnlyForDeploymentPostprocessing = 0;
		};
/* End PBXResourcesBuildPhase section */

/* Begin PBXSourcesBuildPhase section */
		DB0EBB0825CA7EB000FE062F /* Sources */ = {
			isa = PBXSourcesBuildPhase;
			buildActionMask = 2147483647;
			files = (
				DB0EBB1425CA7EB000FE062F /* ViewController.swift in Sources */,
				DB0EBB2625CA800100FE062F /* MainStruct.swift in Sources */,
				DB0EBB1025CA7EB000FE062F /* AppDelegate.swift in Sources */,
				DB0EBB1225CA7EB000FE062F /* SceneDelegate.swift in Sources */,
			);
			runOnlyForDeploymentPostprocessing = 0;
		};
/* End PBXSourcesBuildPhase section */

/* Begin PBXVariantGroup section */
		DB0EBB1525CA7EB000FE062F /* Main.storyboard */ = {
			isa = PBXVariantGroup;
			children = (
				DB0EBB1625CA7EB000FE062F /* Base */,
			);
			name = Main.storyboard;
			sourceTree = "<group>";
		};
		DB0EBB1A25CA7EB300FE062F /* LaunchScreen.storyboard */ = {
			isa = PBXVariantGroup;
			children = (
				DB0EBB1B25CA7EB300FE062F /* Base */,
			);
			name = LaunchScreen.storyboard;
			sourceTree = "<group>";
		};
/* End PBXVariantGroup section */

/* Begin XCBuildConfiguration section */
		DB0EBB1E25CA7EB300FE062F /* Debug */ = {
			isa = XCBuildConfiguration;
			buildSettings = {
				ALWAYS_SEARCH_USER_PATHS = NO;
				CLANG_ANALYZER_NONNULL = YES;
				CLANG_ANALYZER_NUMBER_OBJECT_CONVERSION = YES_AGGRESSIVE;
				CLANG_CXX_LANGUAGE_STANDARD = "gnu++14";
				CLANG_CXX_LIBRARY = "libc++";
				CLANG_ENABLE_MODULES = YES;
				CLANG_ENABLE_OBJC_ARC = YES;
				CLANG_ENABLE_OBJC_WEAK = YES;
				CLANG_WARN_BLOCK_CAPTURE_AUTORELEASING = YES;
				CLANG_WARN_BOOL_CONVERSION = YES;
				CLANG_WARN_COMMA = YES;
				CLANG_WARN_CONSTANT_CONVERSION = YES;
				CLANG_WARN_DEPRECATED_OBJC_IMPLEMENTATIONS = YES;
				CLANG_WARN_DIRECT_OBJC_ISA_USAGE = YES_ERROR;
				CLANG_WARN_DOCUMENTATION_COMMENTS = YES;
				CLANG_WARN_EMPTY_BODY = YES;
				CLANG_WARN_ENUM_CONVERSION = YES;
				CLANG_WARN_INFINITE_RECURSION = YES;
				CLANG_WARN_INT_CONVERSION = YES;
				CLANG_WARN_NON_LITERAL_NULL_CONVERSION = YES;
				CLANG_WARN_OBJC_IMPLICIT_RETAIN_SELF = YES;
				CLANG_WARN_OBJC_LITERAL_CONVERSION = YES;
				CLANG_WARN_OBJC_ROOT_CLASS = YES_ERROR;
				CLANG_WARN_QUOTED_INCLUDE_IN_FRAMEWORK_HEADER = YES;
				CLANG_WARN_RANGE_LOOP_ANALYSIS = YES;
				CLANG_WARN_STRICT_PROTOTYPES = YES;
				CLANG_WARN_SUSPICIOUS_MOVE = YES;
				CLANG_WARN_UNGUARDED_AVAILABILITY = YES_AGGRESSIVE;
				CLANG_WARN_UNREACHABLE_CODE = YES;
				CLANG_WARN__DUPLICATE_METHOD_MATCH = YES;
				COPY_PHASE_STRIP = NO;
				DEBUG_INFORMATION_FORMAT = dwarf;
				ENABLE_STRICT_OBJC_MSGSEND = YES;
				ENABLE_TESTABILITY = YES;
				GCC_C_LANGUAGE_STANDARD = gnu11;
				GCC_DYNAMIC_NO_PIC = NO;
				GCC_NO_COMMON_BLOCKS = YES;
				GCC_OPTIMIZATION_LEVEL = 0;
				GCC_PREPROCESSOR_DEFINITIONS = (
					"DEBUG=1",
					"$(inherited)",
				);
				GCC_WARN_64_TO_32_BIT_CONVERSION = YES;
				GCC_WARN_ABOUT_RETURN_TYPE = YES_ERROR;
				GCC_WARN_UNDECLARED_SELECTOR = YES;
				GCC_WARN_UNINITIALIZED_AUTOS = YES_AGGRESSIVE;
				GCC_WARN_UNUSED_FUNCTION = YES;
				GCC_WARN_UNUSED_VARIABLE = YES;
				IPHONEOS_DEPLOYMENT_TARGET = 14.2;
				MTL_ENABLE_DEBUG_INFO = INCLUDE_SOURCE;
				MTL_FAST_MATH = YES;
				ONLY_ACTIVE_ARCH = YES;
				SDKROOT = iphoneos;
				SWIFT_ACTIVE_COMPILATION_CONDITIONS = DEBUG;
				SWIFT_OPTIMIZATION_LEVEL = "-Onone";
			};
			name = Debug;
		};
		DB0EBB1F25CA7EB300FE062F /* Release */ = {
			isa = XCBuildConfiguration;
			buildSettings = {
				ALWAYS_SEARCH_USER_PATHS = NO;
				CLANG_ANALYZER_NONNULL = YES;
				CLANG_ANALYZER_NUMBER_OBJECT_CONVERSION = YES_AGGRESSIVE;
				CLANG_CXX_LANGUAGE_STANDARD = "gnu++14";
				CLANG_CXX_LIBRARY = "libc++";
				CLANG_ENABLE_MODULES = YES;
				CLANG_ENABLE_OBJC_ARC = YES;
				CLANG_ENABLE_OBJC_WEAK = YES;
				CLANG_WARN_BLOCK_CAPTURE_AUTORELEASING = YES;
				CLANG_WARN_BOOL_CONVERSION = YES;
				CLANG_WARN_COMMA = YES;
				CLANG_WARN_CONSTANT_CONVERSION = YES;
				CLANG_WARN_DEPRECATED_OBJC_IMPLEMENTATIONS = YES;
				CLANG_WARN_DIRECT_OBJC_ISA_USAGE = YES_ERROR;
				CLANG_WARN_DOCUMENTATION_COMMENTS = YES;
				CLANG_WARN_EMPTY_BODY = YES;
				CLANG_WARN_ENUM_CONVERSION = YES;
				CLANG_WARN_INFINITE_RECURSION = YES;
				CLANG_WARN_INT_CONVERSION = YES;
				CLANG_WARN_NON_LITERAL_NULL_CONVERSION = YES;
				CLANG_WARN_OBJC_IMPLICIT_RETAIN_SELF = YES;
				CLANG_WARN_OBJC_LITERAL_CONVERSION = YES;
				CLANG_WARN_OBJC_ROOT_CLASS = YES_ERROR;
				CLANG_WARN_QUOTED_INCLUDE_IN_FRAMEWORK_HEADER = YES;
				CLANG_WARN_RANGE_LOOP_ANALYSIS = YES;
				CLANG_WARN_STRICT_PROTOTYPES = YES;
				CLANG_WARN_SUSPICIOUS_MOVE = YES;
				CLANG_WARN_UNGUARDED_AVAILABILITY = YES_AGGRESSIVE;
				CLANG_WARN_UNREACHABLE_CODE = YES;
				CLANG_WARN__DUPLICATE_METHOD_MATCH = YES;
				COPY_PHASE_STRIP = NO;
				DEBUG_INFORMATION_FORMAT = "dwarf-with-dsym";
				ENABLE_NS_ASSERTIONS = NO;
				ENABLE_STRICT_OBJC_MSGSEND = YES;
				GCC_C_LANGUAGE_STANDARD = gnu11;
				GCC_NO_COMMON_BLOCKS = YES;
				GCC_WARN_64_TO_32_BIT_CONVERSION = YES;
				GCC_WARN_ABOUT_RETURN_TYPE = YES_ERROR;
				GCC_WARN_UNDECLARED_SELECTOR = YES;
				GCC_WARN_UNINITIALIZED_AUTOS = YES_AGGRESSIVE;
				GCC_WARN_UNUSED_FUNCTION = YES;
				GCC_WARN_UNUSED_VARIABLE = YES;
				IPHONEOS_DEPLOYMENT_TARGET = 14.2;
				MTL_ENABLE_DEBUG_INFO = NO;
				MTL_FAST_MATH = YES;
				SDKROOT = iphoneos;
				SWIFT_COMPILATION_MODE = wholemodule;
				SWIFT_OPTIMIZATION_LEVEL = "-O";
				VALIDATE_PRODUCT = YES;
			};
			name = Release;
		};
		DB0EBB2125CA7EB300FE062F /* Debug */ = {
			isa = XCBuildConfiguration;
			buildSettings = {
				ASSETCATALOG_COMPILER_APPICON_NAME = AppIcon;
				ASSETCATALOG_COMPILER_GLOBAL_ACCENT_COLOR_NAME = AccentColor;
				CODE_SIGN_STYLE = Automatic;
				DEVELOPMENT_TEAM = U53X87ADPB;
				INFOPLIST_FILE = Pryaniki/Info.plist;
				LD_RUNPATH_SEARCH_PATHS = (
					"$(inherited)",
					"@executable_path/Frameworks",
				);
				PRODUCT_BUNDLE_IDENTIFIER = Gelogaev.Pryaniki;
				PRODUCT_NAME = "$(TARGET_NAME)";
				SWIFT_VERSION = 5.0;
				TARGETED_DEVICE_FAMILY = "1,2";
			};
			name = Debug;
		};
		DB0EBB2225CA7EB300FE062F /* Release */ = {
			isa = XCBuildConfiguration;
			buildSettings = {
				ASSETCATALOG_COMPILER_APPICON_NAME = AppIcon;
				ASSETCATALOG_COMPILER_GLOBAL_ACCENT_COLOR_NAME = AccentColor;
				CODE_SIGN_STYLE = Automatic;
				DEVELOPMENT_TEAM = U53X87ADPB;
				INFOPLIST_FILE = Pryaniki/Info.plist;
				LD_RUNPATH_SEARCH_PATHS = (
					"$(inherited)",
					"@executable_path/Frameworks",
				);
				PRODUCT_BUNDLE_IDENTIFIER = Gelogaev.Pryaniki;
				PRODUCT_NAME = "$(TARGET_NAME)";
				SWIFT_VERSION = 5.0;
				TARGETED_DEVICE_FAMILY = "1,2";
			};
			name = Release;
		};
/* End XCBuildConfiguration section */

/* Begin XCConfigurationList section */
		DB0EBB0725CA7EB000FE062F /* Build configuration list for PBXProject "Pryaniki" */ = {
			isa = XCConfigurationList;
			buildConfigurations = (
				DB0EBB1E25CA7EB300FE062F /* Debug */,
				DB0EBB1F25CA7EB300FE062F /* Release */,
			);
			defaultConfigurationIsVisible = 0;
			defaultConfigurationName = Release;
		};
		DB0EBB2025CA7EB300FE062F /* Build configuration list for PBXNativeTarget "Pryaniki" */ = {
			isa = XCConfigurationList;
			buildConfigurations = (
				DB0EBB2125CA7EB300FE062F /* Debug */,
				DB0EBB2225CA7EB300FE062F /* Release */,
			);
			defaultConfigurationIsVisible = 0;
			defaultConfigurationName = Release;
		};
/* End XCConfigurationList section */
	};
	rootObject = DB0EBB0425CA7EB000FE062F /* Project object */;
}
